
Microsoft Visual Studio Solution File, Format Version 12.00
# Visual Studio 15
VisualStudioVersion = 15.0.25115.1
MinimumVisualStudioVersion = 10.0.40219.1
Project("{FAE04EC0-301F-11D3-BF4B-00C04F79EFBC}") = "Demo", "Demo\Demo.csproj", "{1B2637E2-1661-4B43-851D-1EB6513AAC63}"
EndProject
Global
	GlobalSection(SolutionConfigurationPlatforms) = preSolution
		Debug|Any CPU = Debug|Any CPU
		Release|Any CPU = Release|Any CPU
	EndGlobalSection
	GlobalSection(ProjectConfigurationPlatforms) = postSolution
		{1B2637E2-1661-4B43-851D-1EB6513AAC63}.Debug|Any CPU.ActiveCfg = Debug|Any CPU
		{1B2637E2-1661-4B43-851D-1EB6513AAC63}.Debug|Any CPU.Build.0 = Debug|Any CPU
		{1B2637E2-1661-4B43-851D-1EB6513AAC63}.Release|Any CPU.ActiveCfg = Release|Any CPU
		{1B2637E2-1661-4B43-851D-1EB6513AAC63}.Release|Any CPU.Build.0 = Release|Any CPU
	EndGlobalSection
	GlobalSection(SolutionProperties) = preSolution
		HideSolutionNode = FALSE
	EndGlobalSection
EndGlobal
